# This file is automatically @generated by Cargo.
# It is not intended for manual editing.
version = 4

[[package]]
name = "jni-simple"
version = "0.2.1"
dependencies = [
 "once_cell",
 "sync-ptr",
]

[[package]]
name = "once_cell"
version = "1.20.3"
source = "registry+https://github.com/rust-lang/crates.io-index"
checksum = "945462a4b81e43c4e3ba96bd7b49d834c6f61198356aa858733bc4acf3cbe62e"

[[package]]
name = "rust-jni-example"
version = "0.1.0"
dependencies = [
 "jni-simple",
]

[[package]]
name = "sync-ptr"
version = "0.1.3"
source = "registry+https://github.com/rust-lang/crates.io-index"
checksum = "5c51b9daf4ecf7e11503f6b23bca99796509d7b94f870034bf6ee86947340ee3"
